
Microsoft Visual Studio Solution File, Format Version 12.00
# Visual Studio Version 17
VisualStudioVersion = 17.9.34728.123
MinimumVisualStudioVersion = 10.0.40219.1
Project("{FAE04EC0-301F-11D3-BF4B-00C04F79EFBC}") = "Atividades - 04.11.2024", "Atividades - 04.11.2024\Atividades - 04.11.2024.csproj", "{71142E2C-D7D0-46FE-BC76-341CF889DC77}"
EndProject
Global
	GlobalSection(SolutionConfigurationPlatforms) = preSolution
		Debug|Any CPU = Debug|Any CPU
		Release|Any CPU = Release|Any CPU
	EndGlobalSection
	GlobalSection(ProjectConfigurationPlatforms) = postSolution
		{71142E2C-D7D0-46FE-BC76-341CF889DC77}.Debug|Any CPU.ActiveCfg = Debug|Any CPU
		{71142E2C-D7D0-46FE-BC76-341CF889DC77}.Debug|Any CPU.Build.0 = Debug|Any CPU
		{71142E2C-D7D0-46FE-BC76-341CF889DC77}.Release|Any CPU.ActiveCfg = Release|Any CPU
		{71142E2C-D7D0-46FE-BC76-341CF889DC77}.Release|Any CPU.Build.0 = Release|Any CPU
	EndGlobalSection
	GlobalSection(SolutionProperties) = preSolution
		HideSolutionNode = FALSE
	EndGlobalSection
	GlobalSection(ExtensibilityGlobals) = postSolution
		SolutionGuid = {265990CE-F89A-470D-BF2C-E308F26AC52C}
	EndGlobalSection
EndGlobal
